PODS:
  - Logan (1.2.9):
    - Logan/mbedtls (= 1.2.9)
  - Logan/mbedtls (1.2.9)

DEPENDENCIES:
  - Logan (from `../../`)

EXTERNAL SOURCES:
  Logan:
    :path: "../../"

SPEC CHECKSUMS:
  Logan: 0f8483c1cc231bacc6223526ebd897b90fca2f8c

PODFILE CHECKSUM: 3b2aeec4fb7e1a3bc90b4b0cc926eadaabe1b207

COCOAPODS: 1.11.3
